
Microsoft Visual Studio Solution File, Format Version 12.00
# Visual Studio Version 17
VisualStudioVersion = 17.9.34728.123
MinimumVisualStudioVersion = 10.0.40219.1
Project("{FAE04EC0-301F-11D3-BF4B-00C04F79EFBC}") = "ProductosAPI2.0", "ProductosAPI2.0.csproj", "{22DB8A55-5FF3-46E4-BE2A-B04E52EF01BA}"
EndProject
Global
	GlobalSection(SolutionConfigurationPlatforms) = preSolution
		Debug|Any CPU = Debug|Any CPU
		Release|Any CPU = Release|Any CPU
	EndGlobalSection
	GlobalSection(ProjectConfigurationPlatforms) = postSolution
		{22DB8A55-5FF3-46E4-BE2A-B04E52EF01BA}.Debug|Any CPU.ActiveCfg = Debug|Any CPU
		{22DB8A55-5FF3-46E4-BE2A-B04E52EF01BA}.Debug|Any CPU.Build.0 = Debug|Any CPU
		{22DB8A55-5FF3-46E4-BE2A-B04E52EF01BA}.Release|Any CPU.ActiveCfg = Release|Any CPU
		{22DB8A55-5FF3-46E4-BE2A-B04E52EF01BA}.Release|Any CPU.Build.0 = Release|Any CPU
	EndGlobalSection
	GlobalSection(SolutionProperties) = preSolution
		HideSolutionNode = FALSE
	EndGlobalSection
	GlobalSection(ExtensibilityGlobals) = postSolution
		SolutionGuid = {3F17CE18-B16F-4C34-8746-1988281736DF}
	EndGlobalSection
EndGlobal
